// !$*UTF8*$!
{
	archiveVersion = 1;
	classes = {
	};
	objectVersion = 50;
	objects = {

/* Begin PBXBuildFile section */
		713590DB22BC661B005E9C0B /* AppDelegate.swift in Sources */ = {isa = PBXBuildFile; fileRef = 713590DA22BC661B005E9C0B /* AppDelegate.swift */; };
		713590DD22BC661B005E9C0B /* SceneDelegate.swift in Sources */ = {isa = PBXBuildFile; fileRef = 713590DC22BC661B005E9C0B /* SceneDelegate.swift */; };
		713590E022BC661B005E9C0B /* PersonalKanban.xcdatamodeld in Sources */ = {isa = PBXBuildFile; fileRef = 713590DE22BC661B005E9C0B /* PersonalKanban.xcdatamodeld */; };
		713590E222BC661B005E9C0B /* ContentView.swift in Sources */ = {isa = PBXBuildFile; fileRef = 713590E122BC661B005E9C0B /* ContentView.swift */; };
		713590E422BC661D005E9C0B /* Assets.xcassets in Resources */ = {isa = PBXBuildFile; fileRef = 713590E322BC661D005E9C0B /* Assets.xcassets */; };
		713590E722BC661D005E9C0B /* Preview Assets.xcassets in Resources */ = {isa = PBXBuildFile; fileRef = 713590E622BC661D005E9C0B /* Preview Assets.xcassets */; };
		713590EA22BC661D005E9C0B /* LaunchScreen.storyboard in Resources */ = {isa = PBXBuildFile; fileRef = 713590E822BC661D005E9C0B /* LaunchScreen.storyboard */; };
		713590F522BC661D005E9C0B /* PersonalKanbanTests.swift in Sources */ = {isa = PBXBuildFile; fileRef = 713590F422BC661D005E9C0B /* PersonalKanbanTests.swift */; };
		7135910022BC661D005E9C0B /* PersonalKanbanUITests.swift in Sources */ = {isa = PBXBuildFile; fileRef = 713590FF22BC661D005E9C0B /* PersonalKanbanUITests.swift */; };
		7135910E22BC67F0005E9C0B /* ListItem.swift in Sources */ = {isa = PBXBuildFile; fileRef = 7135910D22BC67F0005E9C0B /* ListItem.swift */; };
		7135911022BC69A1005E9C0B /* TaskDetail.swift in Sources */ = {isa = PBXBuildFile; fileRef = 7135910F22BC69A1005E9C0B /* TaskDetail.swift */; };
		7135911322BC6C62005E9C0B /* TaskList.swift in Sources */ = {isa = PBXBuildFile; fileRef = 7135911222BC6C62005E9C0B /* TaskList.swift */; };
/* End PBXBuildFile section */

/* Begin PBXContainerItemProxy section */
		713590F122BC661D005E9C0B /* PBXContainerItemProxy */ = {
			isa = PBXContainerItemProxy;
			containerPortal = 713590CF22BC661B005E9C0B /* Project object */;
			proxyType = 1;
			remoteGlobalIDString = 713590D622BC661B005E9C0B;
			remoteInfo = PersonalKanban;
		};
		713590FC22BC661D005E9C0B /* PBXContainerItemProxy */ = {
			isa = PBXContainerItemProxy;
			containerPortal = 713590CF22BC661B005E9C0B /* Project object */;
			proxyType = 1;
			remoteGlobalIDString = 713590D622BC661B005E9C0B;
			remoteInfo = PersonalKanban;
		};
/* End PBXContainerItemProxy section */

/* Begin PBXFileReference section */
		713590D722BC661B005E9C0B /* PersonalKanban.app */ = {isa = PBXFileReference; explicitFileType = wrapper.application; includeInIndex = 0; path = PersonalKanban.app; sourceTree = BUILT_PRODUCTS_DIR; };
		713590DA22BC661B005E9C0B /* AppDelegate.swift */ = {isa = PBXFileReference; lastKnownFileType = sourcecode.swift; path = AppDelegate.swift; sourceTree = "<group>"; };
		713590DC22BC661B005E9C0B /* SceneDelegate.swift */ = {isa = PBXFileReference; lastKnownFileType = sourcecode.swift; path = SceneDelegate.swift; sourceTree = "<group>"; };
		713590DF22BC661B005E9C0B /* PersonalKanban.xcdatamodel */ = {isa = PBXFileReference; lastKnownFileType = wrapper.xcdatamodel; path = PersonalKanban.xcdatamodel; sourceTree = "<group>"; };
		713590E122BC661B005E9C0B /* ContentView.swift */ = {isa = PBXFileReference; lastKnownFileType = sourcecode.swift; path = ContentView.swift; sourceTree = "<group>"; };
		713590E322BC661D005E9C0B /* Assets.xcassets */ = {isa = PBXFileReference; lastKnownFileType = folder.assetcatalog; path = Assets.xcassets; sourceTree = "<group>"; };
		713590E622BC661D005E9C0B /* Preview Assets.xcassets */ = {isa = PBXFileReference; lastKnownFileType = folder.assetcatalog; path = "Preview Assets.xcassets"; sourceTree = "<group>"; };
		713590E922BC661D005E9C0B /* Base */ = {isa = PBXFileReference; lastKnownFileType = file.storyboard; name = Base; path = Base.lproj/LaunchScreen.storyboard; sourceTree = "<group>"; };
		713590EB22BC661D005E9C0B /* Info.plist */ = {isa = PBXFileReference; lastKnownFileType = text.plist.xml; path = Info.plist; sourceTree = "<group>"; };
		713590F022BC661D005E9C0B /* PersonalKanbanTests.xctest */ = {isa = PBXFileReference; explicitFileType = wrapper.cfbundle; includeInIndex = 0; path = PersonalKanbanTests.xctest; sourceTree = BUILT_PRODUCTS_DIR; };
		713590F422BC661D005E9C0B /* PersonalKanbanTests.swift */ = {isa = PBXFileReference; lastKnownFileType = sourcecode.swift; path = PersonalKanbanTests.swift; sourceTree = "<group>"; };
		713590F622BC661D005E9C0B /* Info.plist */ = {isa = PBXFileReference; lastKnownFileType = text.plist.xml; path = Info.plist; sourceTree = "<group>"; };
		713590FB22BC661D005E9C0B /* PersonalKanbanUITests.xctest */ = {isa = PBXFileReference; explicitFileType = wrapper.cfbundle; includeInIndex = 0; path = PersonalKanbanUITests.xctest; sourceTree = BUILT_PRODUCTS_DIR; };
		713590FF22BC661D005E9C0B /* PersonalKanbanUITests.swift */ = {isa = PBXFileReference; lastKnownFileType = sourcecode.swift; path = PersonalKanbanUITests.swift; sourceTree = "<group>"; };
		7135910122BC661D005E9C0B /* Info.plist */ = {isa = PBXFileReference; lastKnownFileType = text.plist.xml; path = Info.plist; sourceTree = "<group>"; };
		7135910D22BC67F0005E9C0B /* ListItem.swift */ = {isa = PBXFileReference; lastKnownFileType = sourcecode.swift; path = ListItem.swift; sourceTree = "<group>"; };
		7135910F22BC69A1005E9C0B /* TaskDetail.swift */ = {isa = PBXFileReference; lastKnownFileType = sourcecode.swift; path = TaskDetail.swift; sourceTree = "<group>"; };
		7135911222BC6C62005E9C0B /* TaskList.swift */ = {isa = PBXFileReference; lastKnownFileType = sourcecode.swift; path = TaskList.swift; sourceTree = "<group>"; };
/* End PBXFileReference section */

/* Begin PBXFrameworksBuildPhase section */
		713590D422BC661B005E9C0B /* Frameworks */ = {
			isa = PBXFrameworksBuildPhase;
			buildActionMask = 2147483647;
			files = (
			);
			runOnlyForDeploymentPostprocessing = 0;
		};
		713590ED22BC661D005E9C0B /* Frameworks */ = {
			isa = PBXFrameworksBuildPhase;
			buildActionMask = 2147483647;
			files = (
			);
			runOnlyForDeploymentPostprocessing = 0;
		};
		713590F822BC661D005E9C0B /* Frameworks */ = {
			isa = PBXFrameworksBuildPhase;
			buildActionMask = 2147483647;
			files = (
			);
			runOnlyForDeploymentPostprocessing = 0;
		};
/* End PBXFrameworksBuildPhase section */

/* Begin PBXGroup section */
		713590CE22BC661B005E9C0B = {
			isa = PBXGroup;
			children = (
				713590D922BC661B005E9C0B /* PersonalKanban */,
				713590F322BC661D005E9C0B /* PersonalKanbanTests */,
				713590FE22BC661D005E9C0B /* PersonalKanbanUITests */,
				713590D822BC661B005E9C0B /* Products */,
			);
			sourceTree = "<group>";
		};
		713590D822BC661B005E9C0B /* Products */ = {
			isa = PBXGroup;
			children = (
				713590D722BC661B005E9C0B /* PersonalKanban.app */,
				713590F022BC661D005E9C0B /* PersonalKanbanTests.xctest */,
				713590FB22BC661D005E9C0B /* PersonalKanbanUITests.xctest */,
			);
			name = Products;
			sourceTree = "<group>";
		};
		713590D922BC661B005E9C0B /* PersonalKanban */ = {
			isa = PBXGroup;
			children = (
				713590DA22BC661B005E9C0B /* AppDelegate.swift */,
				713590DC22BC661B005E9C0B /* SceneDelegate.swift */,
				713590E322BC661D005E9C0B /* Assets.xcassets */,
				713590E822BC661D005E9C0B /* LaunchScreen.storyboard */,
				713590EB22BC661D005E9C0B /* Info.plist */,
				713590DE22BC661B005E9C0B /* PersonalKanban.xcdatamodeld */,
				7135911122BC69FF005E9C0B /* Views */,
				713590E522BC661D005E9C0B /* Preview Content */,
			);
			path = PersonalKanban;
			sourceTree = "<group>";
		};
		713590E522BC661D005E9C0B /* Preview Content */ = {
			isa = PBXGroup;
			children = (
				713590E622BC661D005E9C0B /* Preview Assets.xcassets */,
			);
			path = "Preview Content";
			sourceTree = "<group>";
		};
		713590F322BC661D005E9C0B /* PersonalKanbanTests */ = {
			isa = PBXGroup;
			children = (
				713590F422BC661D005E9C0B /* PersonalKanbanTests.swift */,
				713590F622BC661D005E9C0B /* Info.plist */,
			);
			path = PersonalKanbanTests;
			sourceTree = "<group>";
		};
		713590FE22BC661D005E9C0B /* PersonalKanbanUITests */ = {
			isa = PBXGroup;
			children = (
				713590FF22BC661D005E9C0B /* PersonalKanbanUITests.swift */,
				7135910122BC661D005E9C0B /* Info.plist */,
			);
			path = PersonalKanbanUITests;
			sourceTree = "<group>";
		};
		7135911122BC69FF005E9C0B /* Views */ = {
			isa = PBXGroup;
			children = (
				713590E122BC661B005E9C0B /* ContentView.swift */,
				7135910D22BC67F0005E9C0B /* ListItem.swift */,
				7135910F22BC69A1005E9C0B /* TaskDetail.swift */,
				7135911222BC6C62005E9C0B /* TaskList.swift */,
			);
			path = Views;
			sourceTree = "<group>";
		};
/* End PBXGroup section */

/* Begin PBXNativeTarget section */
		713590D622BC661B005E9C0B /* PersonalKanban */ = {
			isa = PBXNativeTarget;
			buildConfigurationList = 7135910422BC661D005E9C0B /* Build configuration list for PBXNativeTarget "PersonalKanban" */;
			buildPhases = (
				713590D322BC661B005E9C0B /* Sources */,
				713590D422BC661B005E9C0B /* Frameworks */,
				713590D522BC661B005E9C0B /* Resources */,
			);
			buildRules = (
			);
			dependencies = (
			);
			name = PersonalKanban;
			productName = PersonalKanban;
			productReference = 713590D722BC661B005E9C0B /* PersonalKanban.app */;
			productType = "com.apple.product-type.application";
		};
		713590EF22BC661D005E9C0B /* PersonalKanbanTests */ = {
			isa = PBXNativeTarget;
			buildConfigurationList = 7135910722BC661D005E9C0B /* Build configuration list for PBXNativeTarget "PersonalKanbanTests" */;
			buildPhases = (
				713590EC22BC661D005E9C0B /* Sources */,
				713590ED22BC661D005E9C0B /* Frameworks */,
				713590EE22BC661D005E9C0B /* Resources */,
			);
			buildRules = (
			);
			dependencies = (
				713590F222BC661D005E9C0B /* PBXTargetDependency */,
			);
			name = PersonalKanbanTests;
			productName = PersonalKanbanTests;
			productReference = 713590F022BC661D005E9C0B /* PersonalKanbanTests.xctest */;
			productType = "com.apple.product-type.bundle.unit-test";
		};
		713590FA22BC661D005E9C0B /* PersonalKanbanUITests */ = {
			isa = PBXNativeTarget;
			buildConfigurationList = 7135910A22BC661D005E9C0B /* Build configuration list for PBXNativeTarget "PersonalKanbanUITests" */;
			buildPhases = (
				713590F722BC661D005E9C0B /* Sources */,
				713590F822BC661D005E9C0B /* Frameworks */,
				713590F922BC661D005E9C0B /* Resources */,
			);
			buildRules = (
			);
			dependencies = (
				713590FD22BC661D005E9C0B /* PBXTargetDependency */,
			);
			name = PersonalKanbanUITests;
			productName = PersonalKanbanUITests;
			productReference = 713590FB22BC661D005E9C0B /* PersonalKanbanUITests.xctest */;
			productType = "com.apple.product-type.bundle.ui-testing";
		};
/* End PBXNativeTarget section */

/* Begin PBXProject section */
		713590CF22BC661B005E9C0B /* Project object */ = {
			isa = PBXProject;
			attributes = {
				LastSwiftUpdateCheck = 1100;
				LastUpgradeCheck = 1100;
				ORGANIZATIONNAME = "Hunter Buxton";
				TargetAttributes = {
					713590D622BC661B005E9C0B = {
						CreatedOnToolsVersion = 11.0;
					};
					713590EF22BC661D005E9C0B = {
						CreatedOnToolsVersion = 11.0;
						TestTargetID = 713590D622BC661B005E9C0B;
					};
					713590FA22BC661D005E9C0B = {
						CreatedOnToolsVersion = 11.0;
						TestTargetID = 713590D622BC661B005E9C0B;
					};
				};
			};
			buildConfigurationList = 713590D222BC661B005E9C0B /* Build configuration list for PBXProject "PersonalKanban" */;
			compatibilityVersion = "Xcode 9.3";
			developmentRegion = en;
			hasScannedForEncodings = 0;
			knownRegions = (
				en,
				Base,
			);
			mainGroup = 713590CE22BC661B005E9C0B;
			productRefGroup = 713590D822BC661B005E9C0B /* Products */;
			projectDirPath = "";
			projectRoot = "";
			targets = (
				713590D622BC661B005E9C0B /* PersonalKanban */,
				713590EF22BC661D005E9C0B /* PersonalKanbanTests */,
				713590FA22BC661D005E9C0B /* PersonalKanbanUITests */,
			);
		};
/* End PBXProject section */

/* Begin PBXResourcesBuildPhase section */
		713590D522BC661B005E9C0B /* Resources */ = {
			isa = PBXResourcesBuildPhase;
			buildActionMask = 2147483647;
			files = (
				713590EA22BC661D005E9C0B /* LaunchScreen.storyboard in Resources */,
				713590E722BC661D005E9C0B /* Preview Assets.xcassets in Resources */,
				713590E422BC661D005E9C0B /* Assets.xcassets in Resources */,
			);
			runOnlyForDeploymentPostprocessing = 0;
		};
		713590EE22BC661D005E9C0B /* Resources */ = {
			isa = PBXResourcesBuildPhase;
			buildActionMask = 2147483647;
			files = (
			);
			runOnlyForDeploymentPostprocessing = 0;
		};
		713590F922BC661D005E9C0B /* Resources */ = {
			isa = PBXResourcesBuildPhase;
			buildActionMask = 2147483647;
			files = (
			);
			runOnlyForDeploymentPostprocessing = 0;
		};
/* End PBXResourcesBuildPhase section */

/* Begin PBXSourcesBuildPhase section */
		713590D322BC661B005E9C0B /* Sources */ = {
			isa = PBXSourcesBuildPhase;
			buildActionMask = 2147483647;
			files = (
				7135911322BC6C62005E9C0B /* TaskList.swift in Sources */,
				7135910E22BC67F0005E9C0B /* ListItem.swift in Sources */,
				7135911022BC69A1005E9C0B /* TaskDetail.swift in Sources */,
				713590DB22BC661B005E9C0B /* AppDelegate.swift in Sources */,
				713590DD22BC661B005E9C0B /* SceneDelegate.swift in Sources */,
				713590E222BC661B005E9C0B /* ContentView.swift in Sources */,
				713590E022BC661B005E9C0B /* PersonalKanban.xcdatamodeld in Sources */,
			);
			runOnlyForDeploymentPostprocessing = 0;
		};
		713590EC22BC661D005E9C0B /* Sources */ = {
			isa = PBXSourcesBuildPhase;
			buildActionMask = 2147483647;
			files = (
				713590F522BC661D005E9C0B /* PersonalKanbanTests.swift in Sources */,
			);
			runOnlyForDeploymentPostprocessing = 0;
		};
		713590F722BC661D005E9C0B /* Sources */ = {
			isa = PBXSourcesBuildPhase;
			buildActionMask = 2147483647;
			files = (
				7135910022BC661D005E9C0B /* PersonalKanbanUITests.swift in Sources */,
			);
			runOnlyForDeploymentPostprocessing = 0;
		};
/* End PBXSourcesBuildPhase section */

/* Begin PBXTargetDependency section */
		713590F222BC661D005E9C0B /* PBXTargetDependency */ = {
			isa = PBXTargetDependency;
			target = 713590D622BC661B005E9C0B /* PersonalKanban */;
			targetProxy = 713590F122BC661D005E9C0B /* PBXContainerItemProxy */;
		};
		713590FD22BC661D005E9C0B /* PBXTargetDependency */ = {
			isa = PBXTargetDependency;
			target = 713590D622BC661B005E9C0B /* PersonalKanban */;
			targetProxy = 713590FC22BC661D005E9C0B /* PBXContainerItemProxy */;
		};
/* End PBXTargetDependency section */

/* Begin PBXVariantGroup section */
		713590E822BC661D005E9C0B /* LaunchScreen.storyboard */ = {
			isa = PBXVariantGroup;
			children = (
				713590E922BC661D005E9C0B /* Base */,
			);
			name = LaunchScreen.storyboard;
			sourceTree = "<group>";
		};
/* End PBXVariantGroup section */

/* Begin XCBuildConfiguration section */
		7135910222BC661D005E9C0B /* Debug */ = {
			isa = XCBuildConfiguration;
			buildSettings = {
				ALWAYS_SEARCH_USER_PATHS = NO;
				CLANG_ANALYZER_NONNULL = YES;
				CLANG_ANALYZER_NUMBER_OBJECT_CONVERSION = YES_AGGRESSIVE;
				CLANG_CXX_LANGUAGE_STANDARD = "gnu++14";
				CLANG_CXX_LIBRARY = "libc++";
				CLANG_ENABLE_MODULES = YES;
				CLANG_ENABLE_OBJC_ARC = YES;
				CLANG_ENABLE_OBJC_WEAK = YES;
				CLANG_WARN_BLOCK_CAPTURE_AUTORELEASING = YES;
				CLANG_WARN_BOOL_CONVERSION = YES;
				CLANG_WARN_COMMA = YES;
				CLANG_WARN_CONSTANT_CONVERSION = YES;
				CLANG_WARN_DEPRECATED_OBJC_IMPLEMENTATIONS = YES;
				CLANG_WARN_DIRECT_OBJC_ISA_USAGE = YES_ERROR;
				CLANG_WARN_DOCUMENTATION_COMMENTS = YES;
				CLANG_WARN_EMPTY_BODY = YES;
				CLANG_WARN_ENUM_CONVERSION = YES;
				CLANG_WARN_INFINITE_RECURSION = YES;
				CLANG_WARN_INT_CONVERSION = YES;
				CLANG_WARN_NON_LITERAL_NULL_CONVERSION = YES;
				CLANG_WARN_OBJC_IMPLICIT_RETAIN_SELF = YES;
				CLANG_WARN_OBJC_LITERAL_CONVERSION = YES;
				CLANG_WARN_OBJC_ROOT_CLASS = YES_ERROR;
				CLANG_WARN_RANGE_LOOP_ANALYSIS = YES;
				CLANG_WARN_STRICT_PROTOTYPES = YES;
				CLANG_WARN_SUSPICIOUS_MOVE = YES;
				CLANG_WARN_UNGUARDED_AVAILABILITY = YES_AGGRESSIVE;
				CLANG_WARN_UNREACHABLE_CODE = YES;
				CLANG_WARN__DUPLICATE_METHOD_MATCH = YES;
				COPY_PHASE_STRIP = NO;
				DEBUG_INFORMATION_FORMAT = dwarf;
				ENABLE_STRICT_OBJC_MSGSEND = YES;
				ENABLE_TESTABILITY = YES;
				GCC_C_LANGUAGE_STANDARD = gnu11;
				GCC_DYNAMIC_NO_PIC = NO;
				GCC_NO_COMMON_BLOCKS = YES;
				GCC_OPTIMIZATION_LEVEL = 0;
				GCC_PREPROCESSOR_DEFINITIONS = (
					"DEBUG=1",
					"$(inherited)",
				);
				GCC_WARN_64_TO_32_BIT_CONVERSION = YES;
				GCC_WARN_ABOUT_RETURN_TYPE = YES_ERROR;
				GCC_WARN_UNDECLARED_SELECTOR = YES;
				GCC_WARN_UNINITIALIZED_AUTOS = YES_AGGRESSIVE;
				GCC_WARN_UNUSED_FUNCTION = YES;
				GCC_WARN_UNUSED_VARIABLE = YES;
				IPHONEOS_DEPLOYMENT_TARGET = 13.0;
				MTL_ENABLE_DEBUG_INFO = INCLUDE_SOURCE;
				MTL_FAST_MATH = YES;
				ONLY_ACTIVE_ARCH = YES;
				SDKROOT = iphoneos;
				SWIFT_ACTIVE_COMPILATION_CONDITIONS = DEBUG;
				SWIFT_OPTIMIZATION_LEVEL = "-Onone";
			};
			name = Debug;
		};
		7135910322BC661D005E9C0B /* Release */ = {
			isa = XCBuildConfiguration;
			buildSettings = {
				ALWAYS_SEARCH_USER_PATHS = NO;
				CLANG_ANALYZER_NONNULL = YES;
				CLANG_ANALYZER_NUMBER_OBJECT_CONVERSION = YES_AGGRESSIVE;
				CLANG_CXX_LANGUAGE_STANDARD = "gnu++14";
				CLANG_CXX_LIBRARY = "libc++";
				CLANG_ENABLE_MODULES = YES;
				CLANG_ENABLE_OBJC_ARC = YES;
				CLANG_ENABLE_OBJC_WEAK = YES;
				CLANG_WARN_BLOCK_CAPTURE_AUTORELEASING = YES;
				CLANG_WARN_BOOL_CONVERSION = YES;
				CLANG_WARN_COMMA = YES;
				CLANG_WARN_CONSTANT_CONVERSION = YES;
				CLANG_WARN_DEPRECATED_OBJC_IMPLEMENTATIONS = YES;
				CLANG_WARN_DIRECT_OBJC_ISA_USAGE = YES_ERROR;
				CLANG_WARN_DOCUMENTATION_COMMENTS = YES;
				CLANG_WARN_EMPTY_BODY = YES;
				CLANG_WARN_ENUM_CONVERSION = YES;
				CLANG_WARN_INFINITE_RECURSION = YES;
				CLANG_WARN_INT_CONVERSION = YES;
				CLANG_WARN_NON_LITERAL_NULL_CONVERSION = YES;
				CLANG_WARN_OBJC_IMPLICIT_RETAIN_SELF = YES;
				CLANG_WARN_OBJC_LITERAL_CONVERSION = YES;
				CLANG_WARN_OBJC_ROOT_CLASS = YES_ERROR;
				CLANG_WARN_RANGE_LOOP_ANALYSIS = YES;
				CLANG_WARN_STRICT_PROTOTYPES = YES;
				CLANG_WARN_SUSPICIOUS_MOVE = YES;
				CLANG_WARN_UNGUARDED_AVAILABILITY = YES_AGGRESSIVE;
				CLANG_WARN_UNREACHABLE_CODE = YES;
				CLANG_WARN__DUPLICATE_METHOD_MATCH = YES;
				COPY_PHASE_STRIP = NO;
				DEBUG_INFORMATION_FORMAT = "dwarf-with-dsym";
				ENABLE_NS_ASSERTIONS = NO;
				ENABLE_STRICT_OBJC_MSGSEND = YES;
				GCC_C_LANGUAGE_STANDARD = gnu11;
				GCC_NO_COMMON_BLOCKS = YES;
				GCC_WARN_64_TO_32_BIT_CONVERSION = YES;
				GCC_WARN_ABOUT_RETURN_TYPE = YES_ERROR;
				GCC_WARN_UNDECLARED_SELECTOR = YES;
				GCC_WARN_UNINITIALIZED_AUTOS = YES_AGGRESSIVE;
				GCC_WARN_UNUSED_FUNCTION = YES;
				GCC_WARN_UNUSED_VARIABLE = YES;
				IPHONEOS_DEPLOYMENT_TARGET = 13.0;
				MTL_ENABLE_DEBUG_INFO = NO;
				MTL_FAST_MATH = YES;
				SDKROOT = iphoneos;
				SWIFT_COMPILATION_MODE = wholemodule;
				SWIFT_OPTIMIZATION_LEVEL = "-O";
				VALIDATE_PRODUCT = YES;
			};
			name = Release;
		};
		7135910522BC661D005E9C0B /* Debug */ = {
			isa = XCBuildConfiguration;
			buildSettings = {
				ASSETCATALOG_COMPILER_APPICON_NAME = AppIcon;
				CODE_SIGN_STYLE = Automatic;
				DEVELOPMENT_ASSET_PATHS = "PersonalKanban/Preview\\ Content";
				DEVELOPMENT_TEAM = L34A7YSYGT;
				ENABLE_PREVIEWS = YES;
				INFOPLIST_FILE = PersonalKanban/Info.plist;
				LD_RUNPATH_SEARCH_PATHS = (
					"$(inherited)",
					"@executable_path/Frameworks",
				);
				PRODUCT_BUNDLE_IDENTIFIER = com.HunterBuxton.PersonalKanban;
				PRODUCT_NAME = "$(TARGET_NAME)";
				SWIFT_VERSION = 5.0;
				TARGETED_DEVICE_FAMILY = "1,2";
			};
			name = Debug;
		};
		7135910622BC661D005E9C0B /* Release */ = {
			isa = XCBuildConfiguration;
			buildSettings = {
				ASSETCATALOG_COMPILER_APPICON_NAME = AppIcon;
				CODE_SIGN_STYLE = Automatic;
				DEVELOPMENT_ASSET_PATHS = "PersonalKanban/Preview\\ Content";
				DEVELOPMENT_TEAM = L34A7YSYGT;
				ENABLE_PREVIEWS = YES;
				INFOPLIST_FILE = PersonalKanban/Info.plist;
				LD_RUNPATH_SEARCH_PATHS = (
					"$(inherited)",
					"@executable_path/Frameworks",
				);
				PRODUCT_BUNDLE_IDENTIFIER = com.HunterBuxton.PersonalKanban;
				PRODUCT_NAME = "$(TARGET_NAME)";
				SWIFT_VERSION = 5.0;
				TARGETED_DEVICE_FAMILY = "1,2";
			};
			name = Release;
		};
		7135910822BC661D005E9C0B /* Debug */ = {
			isa = XCBuildConfiguration;
			buildSettings = {
				ALWAYS_EMBED_SWIFT_STANDARD_LIBRARIES = YES;
				BUNDLE_LOADER = "$(TEST_HOST)";
				CODE_SIGN_STYLE = Automatic;
				DEVELOPMENT_TEAM = L34A7YSYGT;
				INFOPLIST_FILE = PersonalKanbanTests/Info.plist;
				LD_RUNPATH_SEARCH_PATHS = (
					"$(inherited)",
					"@executable_path/Frameworks",
					"@loader_path/Frameworks",
				);
				PRODUCT_BUNDLE_IDENTIFIER = com.HunterBuxton.PersonalKanbanTests;
				PRODUCT_NAME = "$(TARGET_NAME)";
				SWIFT_VERSION = 5.0;
				TARGETED_DEVICE_FAMILY = "1,2";
				TEST_HOST = "$(BUILT_PRODUCTS_DIR)/PersonalKanban.app/PersonalKanban";
			};
			name = Debug;
		};
		7135910922BC661D005E9C0B /* Release */ = {
			isa = XCBuildConfiguration;
			buildSettings = {
				ALWAYS_EMBED_SWIFT_STANDARD_LIBRARIES = YES;
				BUNDLE_LOADER = "$(TEST_HOST)";
				CODE_SIGN_STYLE = Automatic;
				DEVELOPMENT_TEAM = L34A7YSYGT;
				INFOPLIST_FILE = PersonalKanbanTests/Info.plist;
				LD_RUNPATH_SEARCH_PATHS = (
					"$(inherited)",
					"@executable_path/Frameworks",
					"@loader_path/Frameworks",
				);
				PRODUCT_BUNDLE_IDENTIFIER = com.HunterBuxton.PersonalKanbanTests;
				PRODUCT_NAME = "$(TARGET_NAME)";
				SWIFT_VERSION = 5.0;
				TARGETED_DEVICE_FAMILY = "1,2";
				TEST_HOST = "$(BUILT_PRODUCTS_DIR)/PersonalKanban.app/PersonalKanban";
			};
			name = Release;
		};
		7135910B22BC661D005E9C0B /* Debug */ = {
			isa = XCBuildConfiguration;
			buildSettings = {
				ALWAYS_EMBED_SWIFT_STANDARD_LIBRARIES = YES;
				CODE_SIGN_STYLE = Automatic;
				DEVELOPMENT_TEAM = L34A7YSYGT;
				INFOPLIST_FILE = PersonalKanbanUITests/Info.plist;
				LD_RUNPATH_SEARCH_PATHS = (
					"$(inherited)",
					"@executable_path/Frameworks",
					"@loader_path/Frameworks",
				);
				PRODUCT_BUNDLE_IDENTIFIER = com.HunterBuxton.PersonalKanbanUITests;
				PRODUCT_NAME = "$(TARGET_NAME)";
				SWIFT_VERSION = 5.0;
				TARGETED_DEVICE_FAMILY = "1,2";
				TEST_TARGET_NAME = PersonalKanban;
			};
			name = Debug;
		};
		7135910C22BC661D005E9C0B /* Release */ = {
			isa = XCBuildConfiguration;
			buildSettings = {
				ALWAYS_EMBED_SWIFT_STANDARD_LIBRARIES = YES;
				CODE_SIGN_STYLE = Automatic;
				DEVELOPMENT_TEAM = L34A7YSYGT;
				INFOPLIST_FILE = PersonalKanbanUITests/Info.plist;
				LD_RUNPATH_SEARCH_PATHS = (
					"$(inherited)",
					"@executable_path/Frameworks",
					"@loader_path/Frameworks",
				);
				PRODUCT_BUNDLE_IDENTIFIER = com.HunterBuxton.PersonalKanbanUITests;
				PRODUCT_NAME = "$(TARGET_NAME)";
				SWIFT_VERSION = 5.0;
				TARGETED_DEVICE_FAMILY = "1,2";
				TEST_TARGET_NAME = PersonalKanban;
			};
			name = Release;
		};
/* End XCBuildConfiguration section */

/* Begin XCConfigurationList section */
		713590D222BC661B005E9C0B /* Build configuration list for PBXProject "PersonalKanban" */ = {
			isa = XCConfigurationList;
			buildConfigurations = (
				7135910222BC661D005E9C0B /* Debug */,
				7135910322BC661D005E9C0B /* Release */,
			);
			defaultConfigurationIsVisible = 0;
			defaultConfigurationName = Release;
		};
		7135910422BC661D005E9C0B /* Build configuration list for PBXNativeTarget "PersonalKanban" */ = {
			isa = XCConfigurationList;
			buildConfigurations = (
				7135910522BC661D005E9C0B /* Debug */,
				7135910622BC661D005E9C0B /* Release */,
			);
			defaultConfigurationIsVisible = 0;
			defaultConfigurationName = Release;
		};
		7135910722BC661D005E9C0B /* Build configuration list for PBXNativeTarget "PersonalKanbanTests" */ = {
			isa = XCConfigurationList;
			buildConfigurations = (
				7135910822BC661D005E9C0B /* Debug */,
				7135910922BC661D005E9C0B /* Release */,
			);
			defaultConfigurationIsVisible = 0;
			defaultConfigurationName = Release;
		};
		7135910A22BC661D005E9C0B /* Build configuration list for PBXNativeTarget "PersonalKanbanUITests" */ = {
			isa = XCConfigurationList;
			buildConfigurations = (
				7135910B22BC661D005E9C0B /* Debug */,
				7135910C22BC661D005E9C0B /* Release */,
			);
			defaultConfigurationIsVisible = 0;
			defaultConfigurationName = Release;
		};
/* End XCConfigurationList section */

/* Begin XCVersionGroup section */
		713590DE22BC661B005E9C0B /* PersonalKanban.xcdatamodeld */ = {
			isa = XCVersionGroup;
			children = (
				713590DF22BC661B005E9C0B /* PersonalKanban.xcdatamodel */,
			);
			currentVersion = 713590DF22BC661B005E9C0B /* PersonalKanban.xcdatamodel */;
			path = PersonalKanban.xcdatamodeld;
			sourceTree = "<group>";
			versionGroupType = wrapper.xcdatamodel;
		};
/* End XCVersionGroup section */
	};
	rootObject = 713590CF22BC661B005E9C0B /* Project object */;
}
